
Microsoft Visual Studio Solution File, Format Version 12.00
# Visual Studio Version 17
VisualStudioVersion = 17.9.34728.123
MinimumVisualStudioVersion = 10.0.40219.1
Project("{FAE04EC0-301F-11D3-BF4B-00C04F79EFBC}") = "ConsoleAppDZ12", "ConsoleAppDZ12.csproj", "{059318ED-EEA5-462B-950D-F505527C5E6F}"
EndProject
Global
	GlobalSection(SolutionConfigurationPlatforms) = preSolution
		Debug|Any CPU = Debug|Any CPU
		Release|Any CPU = Release|Any CPU
	EndGlobalSection
	GlobalSection(ProjectConfigurationPlatforms) = postSolution
		{059318ED-EEA5-462B-950D-F505527C5E6F}.Debug|Any CPU.ActiveCfg = Debug|Any CPU
		{059318ED-EEA5-462B-950D-F505527C5E6F}.Debug|Any CPU.Build.0 = Debug|Any CPU
		{059318ED-EEA5-462B-950D-F505527C5E6F}.Release|Any CPU.ActiveCfg = Release|Any CPU
		{059318ED-EEA5-462B-950D-F505527C5E6F}.Release|Any CPU.Build.0 = Release|Any CPU
	EndGlobalSection
	GlobalSection(SolutionProperties) = preSolution
		HideSolutionNode = FALSE
	EndGlobalSection
	GlobalSection(ExtensibilityGlobals) = postSolution
		SolutionGuid = {20C8FAE9-41FB-4D84-8432-C418181E78D1}
	EndGlobalSection
EndGlobal
